
Microsoft Visual Studio Solution File, Format Version 11.00
# Visual Studio 2010
Project("{2150E333-8FDC-42A3-9474-1A3956D46DE8}") = "Server", "Server", "{59709AF3-4439-4068-8509-0FB06B42374F}"
EndProject
Project("{FAE04EC0-301F-11D3-BF4B-00C04F79EFBC}") = "BP.En30", "Components\BP.En30\BP.En30.csproj", "{F9D27BAB-758D-4205-BFC8-76B49A4C87F1}"
EndProject
Project("{FAE04EC0-301F-11D3-BF4B-00C04F79EFBC}") = "BP.Web.Controls30", "Components\BP.Web.Controls30\BP.Web.Controls30.csproj", "{B04D173B-69F6-4BF3-8EA4-8DB2FC7F33F4}"
EndProject
Project("{FAE04EC0-301F-11D3-BF4B-00C04F79EFBC}") = "CCFlow", "CCFlow\CCFlow.csproj", "{AB063F5D-5166-4D77-96BB-93E981EDBB0B}"
EndProject
Project("{FAE04EC0-301F-11D3-BF4B-00C04F79EFBC}") = "BP.WF", "Components\BP.WF\BP.WF.csproj", "{04147518-E5E6-4B01-A797-094B8BA9CFD5}"
EndProject
Project("{FAE04EC0-301F-11D3-BF4B-00C04F79EFBC}") = "BP.Demo", "DemoAndTesting\BP.Demo\BP.Demo.csproj", "{8E48D1DF-CEED-4F0C-B863-3359B2A99134}"
EndProject
Project("{FAE04EC0-301F-11D3-BF4B-00C04F79EFBC}") = "BP.GPMClient", "..\CCPortal\CCGPM\Components\BP.GPMClient\BP.GPMClient.csproj", "{FF691E0A-4A23-4E7A-AA0F-A7EBAA2E711B}"
EndProject
Project("{2150E333-8FDC-42A3-9474-1A3956D46DE8}") = "非必要的", "非必要的", "{2AABC192-5F1B-4BC7-ADAB-6638B02A022C}"
EndProject
Project("{FAE04EC0-301F-11D3-BF4B-00C04F79EFBC}") = "BitmapCutter.Core", "Components\BitmapCutter.Core\BitmapCutter.Core.csproj", "{32429F5B-6E39-407F-A682-96484AAC3078}"
EndProject
Project("{FAE04EC0-301F-11D3-BF4B-00C04F79EFBC}") = "BP.GPM", "..\CCPortal\CCGPM\Components\BP.GPM\BP.GPM.csproj", "{3AE8C44B-7DBA-4312-A775-57172697FAA7}"
EndProject
Global
	GlobalSection(TestCaseManagementSettings) = postSolution
		CategoryFile = CCFlow1.vsmdi
	EndGlobalSection
	GlobalSection(SolutionConfigurationPlatforms) = preSolution
		Debug|Any CPU = Debug|Any CPU
		Debug|Mixed Platforms = Debug|Mixed Platforms
		Debug|x86 = Debug|x86
		Release|Any CPU = Release|Any CPU
		Release|Mixed Platforms = Release|Mixed Platforms
		Release|x86 = Release|x86
	EndGlobalSection
	GlobalSection(ProjectConfigurationPlatforms) = postSolution
		{F9D27BAB-758D-4205-BFC8-76B49A4C87F1}.Debug|Any CPU.ActiveCfg = Debug|Any CPU
		{F9D27BAB-758D-4205-BFC8-76B49A4C87F1}.Debug|Any CPU.Build.0 = Debug|Any CPU
		{F9D27BAB-758D-4205-BFC8-76B49A4C87F1}.Debug|Mixed Platforms.ActiveCfg = Debug|Any CPU
		{F9D27BAB-758D-4205-BFC8-76B49A4C87F1}.Debug|Mixed Platforms.Build.0 = Debug|Any CPU
		{F9D27BAB-758D-4205-BFC8-76B49A4C87F1}.Debug|x86.ActiveCfg = Debug|Any CPU
		{F9D27BAB-758D-4205-BFC8-76B49A4C87F1}.Release|Any CPU.ActiveCfg = Release|Any CPU
		{F9D27BAB-758D-4205-BFC8-76B49A4C87F1}.Release|Any CPU.Build.0 = Release|Any CPU
		{F9D27BAB-758D-4205-BFC8-76B49A4C87F1}.Release|Mixed Platforms.ActiveCfg = Release|Any CPU
		{F9D27BAB-758D-4205-BFC8-76B49A4C87F1}.Release|Mixed Platforms.Build.0 = Release|Any CPU
		{F9D27BAB-758D-4205-BFC8-76B49A4C87F1}.Release|x86.ActiveCfg = Release|Any CPU
		{B04D173B-69F6-4BF3-8EA4-8DB2FC7F33F4}.Debug|Any CPU.ActiveCfg = Debug|Any CPU
		{B04D173B-69F6-4BF3-8EA4-8DB2FC7F33F4}.Debug|Any CPU.Build.0 = Debug|Any CPU
		{B04D173B-69F6-4BF3-8EA4-8DB2FC7F33F4}.Debug|Mixed Platforms.ActiveCfg = Debug|Any CPU
		{B04D173B-69F6-4BF3-8EA4-8DB2FC7F33F4}.Debug|Mixed Platforms.Build.0 = Debug|Any CPU
		{B04D173B-69F6-4BF3-8EA4-8DB2FC7F33F4}.Debug|x86.ActiveCfg = Debug|Any CPU
		{B04D173B-69F6-4BF3-8EA4-8DB2FC7F33F4}.Release|Any CPU.ActiveCfg = Release|Any CPU
		{B04D173B-69F6-4BF3-8EA4-8DB2FC7F33F4}.Release|Any CPU.Build.0 = Release|Any CPU
		{B04D173B-69F6-4BF3-8EA4-8DB2FC7F33F4}.Release|Mixed Platforms.ActiveCfg = Release|Any CPU
		{B04D173B-69F6-4BF3-8EA4-8DB2FC7F33F4}.Release|Mixed Platforms.Build.0 = Release|Any CPU
		{B04D173B-69F6-4BF3-8EA4-8DB2FC7F33F4}.Release|x86.ActiveCfg = Release|Any CPU
		{AB063F5D-5166-4D77-96BB-93E981EDBB0B}.Debug|Any CPU.ActiveCfg = Debug|Any CPU
		{AB063F5D-5166-4D77-96BB-93E981EDBB0B}.Debug|Any CPU.Build.0 = Debug|Any CPU
		{AB063F5D-5166-4D77-96BB-93E981EDBB0B}.Debug|Mixed Platforms.ActiveCfg = Debug|Any CPU
		{AB063F5D-5166-4D77-96BB-93E981EDBB0B}.Debug|Mixed Platforms.Build.0 = Debug|Any CPU
		{AB063F5D-5166-4D77-96BB-93E981EDBB0B}.Debug|x86.ActiveCfg = Debug|Any CPU
		{AB063F5D-5166-4D77-96BB-93E981EDBB0B}.Release|Any CPU.ActiveCfg = Release|Any CPU
		{AB063F5D-5166-4D77-96BB-93E981EDBB0B}.Release|Any CPU.Build.0 = Release|Any CPU
		{AB063F5D-5166-4D77-96BB-93E981EDBB0B}.Release|Mixed Platforms.ActiveCfg = Release|Any CPU
		{AB063F5D-5166-4D77-96BB-93E981EDBB0B}.Release|Mixed Platforms.Build.0 = Release|Any CPU
		{AB063F5D-5166-4D77-96BB-93E981EDBB0B}.Release|x86.ActiveCfg = Release|Any CPU
		{04147518-E5E6-4B01-A797-094B8BA9CFD5}.Debug|Any CPU.ActiveCfg = Debug|Any CPU
		{04147518-E5E6-4B01-A797-094B8BA9CFD5}.Debug|Any CPU.Build.0 = Debug|Any CPU
		{04147518-E5E6-4B01-A797-094B8BA9CFD5}.Debug|Mixed Platforms.ActiveCfg = Debug|Any CPU
		{04147518-E5E6-4B01-A797-094B8BA9CFD5}.Debug|Mixed Platforms.Build.0 = Debug|Any CPU
		{04147518-E5E6-4B01-A797-094B8BA9CFD5}.Debug|x86.ActiveCfg = Debug|Any CPU
		{04147518-E5E6-4B01-A797-094B8BA9CFD5}.Release|Any CPU.ActiveCfg = Release|Any CPU
		{04147518-E5E6-4B01-A797-094B8BA9CFD5}.Release|Any CPU.Build.0 = Release|Any CPU
		{04147518-E5E6-4B01-A797-094B8BA9CFD5}.Release|Mixed Platforms.ActiveCfg = Release|Any CPU
		{04147518-E5E6-4B01-A797-094B8BA9CFD5}.Release|Mixed Platforms.Build.0 = Release|Any CPU
		{04147518-E5E6-4B01-A797-094B8BA9CFD5}.Release|x86.ActiveCfg = Release|Any CPU
		{8E48D1DF-CEED-4F0C-B863-3359B2A99134}.Debug|Any CPU.ActiveCfg = Debug|Any CPU
		{8E48D1DF-CEED-4F0C-B863-3359B2A99134}.Debug|Any CPU.Build.0 = Debug|Any CPU
		{8E48D1DF-CEED-4F0C-B863-3359B2A99134}.Debug|Mixed Platforms.ActiveCfg = Debug|Any CPU
		{8E48D1DF-CEED-4F0C-B863-3359B2A99134}.Debug|Mixed Platforms.Build.0 = Debug|Any CPU
		{8E48D1DF-CEED-4F0C-B863-3359B2A99134}.Debug|x86.ActiveCfg = Debug|Any CPU
		{8E48D1DF-CEED-4F0C-B863-3359B2A99134}.Release|Any CPU.ActiveCfg = Release|Any CPU
		{8E48D1DF-CEED-4F0C-B863-3359B2A99134}.Release|Any CPU.Build.0 = Release|Any CPU
		{8E48D1DF-CEED-4F0C-B863-3359B2A99134}.Release|Mixed Platforms.ActiveCfg = Release|Any CPU
		{8E48D1DF-CEED-4F0C-B863-3359B2A99134}.Release|Mixed Platforms.Build.0 = Release|Any CPU
		{8E48D1DF-CEED-4F0C-B863-3359B2A99134}.Release|x86.ActiveCfg = Release|Any CPU
		{FF691E0A-4A23-4E7A-AA0F-A7EBAA2E711B}.Debug|Any CPU.ActiveCfg = Debug|Any CPU
		{FF691E0A-4A23-4E7A-AA0F-A7EBAA2E711B}.Debug|Any CPU.Build.0 = Debug|Any CPU
		{FF691E0A-4A23-4E7A-AA0F-A7EBAA2E711B}.Debug|Mixed Platforms.ActiveCfg = Debug|Any CPU
		{FF691E0A-4A23-4E7A-AA0F-A7EBAA2E711B}.Debug|Mixed Platforms.Build.0 = Debug|Any CPU
		{FF691E0A-4A23-4E7A-AA0F-A7EBAA2E711B}.Debug|x86.ActiveCfg = Debug|Any CPU
		{FF691E0A-4A23-4E7A-AA0F-A7EBAA2E711B}.Release|Any CPU.ActiveCfg = Release|Any CPU
		{FF691E0A-4A23-4E7A-AA0F-A7EBAA2E711B}.Release|Any CPU.Build.0 = Release|Any CPU
		{FF691E0A-4A23-4E7A-AA0F-A7EBAA2E711B}.Release|Mixed Platforms.ActiveCfg = Release|Any CPU
		{FF691E0A-4A23-4E7A-AA0F-A7EBAA2E711B}.Release|Mixed Platforms.Build.0 = Release|Any CPU
		{FF691E0A-4A23-4E7A-AA0F-A7EBAA2E711B}.Release|x86.ActiveCfg = Release|Any CPU
		{32429F5B-6E39-407F-A682-96484AAC3078}.Debug|Any CPU.ActiveCfg = Debug|Any CPU
		{32429F5B-6E39-407F-A682-96484AAC3078}.Debug|Any CPU.Build.0 = Debug|Any CPU
		{32429F5B-6E39-407F-A682-96484AAC3078}.Debug|Mixed Platforms.ActiveCfg = Debug|Any CPU
		{32429F5B-6E39-407F-A682-96484AAC3078}.Debug|Mixed Platforms.Build.0 = Debug|Any CPU
		{32429F5B-6E39-407F-A682-96484AAC3078}.Debug|x86.ActiveCfg = Debug|Any CPU
		{32429F5B-6E39-407F-A682-96484AAC3078}.Release|Any CPU.ActiveCfg = Release|Any CPU
		{32429F5B-6E39-407F-A682-96484AAC3078}.Release|Any CPU.Build.0 = Release|Any CPU
		{32429F5B-6E39-407F-A682-96484AAC3078}.Release|Mixed Platforms.ActiveCfg = Release|Any CPU
		{32429F5B-6E39-407F-A682-96484AAC3078}.Release|Mixed Platforms.Build.0 = Release|Any CPU
		{32429F5B-6E39-407F-A682-96484AAC3078}.Release|x86.ActiveCfg = Release|Any CPU
		{3AE8C44B-7DBA-4312-A775-57172697FAA7}.Debug|Any CPU.ActiveCfg = Debug|Any CPU
		{3AE8C44B-7DBA-4312-A775-57172697FAA7}.Debug|Any CPU.Build.0 = Debug|Any CPU
		{3AE8C44B-7DBA-4312-A775-57172697FAA7}.Debug|Mixed Platforms.ActiveCfg = Debug|Any CPU
		{3AE8C44B-7DBA-4312-A775-57172697FAA7}.Debug|Mixed Platforms.Build.0 = Debug|Any CPU
		{3AE8C44B-7DBA-4312-A775-57172697FAA7}.Debug|x86.ActiveCfg = Debug|Any CPU
		{3AE8C44B-7DBA-4312-A775-57172697FAA7}.Release|Any CPU.ActiveCfg = Release|Any CPU
		{3AE8C44B-7DBA-4312-A775-57172697FAA7}.Release|Any CPU.Build.0 = Release|Any CPU
		{3AE8C44B-7DBA-4312-A775-57172697FAA7}.Release|Mixed Platforms.ActiveCfg = Release|Any CPU
		{3AE8C44B-7DBA-4312-A775-57172697FAA7}.Release|Mixed Platforms.Build.0 = Release|Any CPU
		{3AE8C44B-7DBA-4312-A775-57172697FAA7}.Release|x86.ActiveCfg = Release|Any CPU
	EndGlobalSection
	GlobalSection(SolutionProperties) = preSolution
		HideSolutionNode = FALSE
	EndGlobalSection
	GlobalSection(NestedProjects) = preSolution
		{F9D27BAB-758D-4205-BFC8-76B49A4C87F1} = {59709AF3-4439-4068-8509-0FB06B42374F}
		{B04D173B-69F6-4BF3-8EA4-8DB2FC7F33F4} = {59709AF3-4439-4068-8509-0FB06B42374F}
		{04147518-E5E6-4B01-A797-094B8BA9CFD5} = {59709AF3-4439-4068-8509-0FB06B42374F}
		{32429F5B-6E39-407F-A682-96484AAC3078} = {59709AF3-4439-4068-8509-0FB06B42374F}
		{3AE8C44B-7DBA-4312-A775-57172697FAA7} = {59709AF3-4439-4068-8509-0FB06B42374F}
		{FF691E0A-4A23-4E7A-AA0F-A7EBAA2E711B} = {2AABC192-5F1B-4BC7-ADAB-6638B02A022C}
		{8E48D1DF-CEED-4F0C-B863-3359B2A99134} = {2AABC192-5F1B-4BC7-ADAB-6638B02A022C}
	EndGlobalSection
EndGlobal
